
Microsoft Visual Studio Solution File, Format Version 12.00
# Visual Studio Version 17
VisualStudioVersion = 17.11.35312.102
MinimumVisualStudioVersion = 10.0.40219.1
Project("{FAE04EC0-301F-11D3-BF4B-00C04F79EFBC}") = "Week2Pratik2_WhileDongusu", "Week2Pratik2_WhileDongusu\Week2Pratik2_WhileDongusu.csproj", "{7FC1A050-1EF7-4B30-A1BF-A1AB1BF959C0}"
EndProject
Global
	GlobalSection(SolutionConfigurationPlatforms) = preSolution
		Debug|Any CPU = Debug|Any CPU
		Release|Any CPU = Release|Any CPU
	EndGlobalSection
	GlobalSection(ProjectConfigurationPlatforms) = postSolution
		{7FC1A050-1EF7-4B30-A1BF-A1AB1BF959C0}.Debug|Any CPU.ActiveCfg = Debug|Any CPU
		{7FC1A050-1EF7-4B30-A1BF-A1AB1BF959C0}.Debug|Any CPU.Build.0 = Debug|Any CPU
		{7FC1A050-1EF7-4B30-A1BF-A1AB1BF959C0}.Release|Any CPU.ActiveCfg = Release|Any CPU
		{7FC1A050-1EF7-4B30-A1BF-A1AB1BF959C0}.Release|Any CPU.Build.0 = Release|Any CPU
	EndGlobalSection
	GlobalSection(SolutionProperties) = preSolution
		HideSolutionNode = FALSE
	EndGlobalSection
	GlobalSection(ExtensibilityGlobals) = postSolution
		SolutionGuid = {ECCEA6EA-365A-498E-89BD-6E364EA8F15F}
	EndGlobalSection
EndGlobal
